
Microsoft Visual Studio Solution File, Format Version 12.00
# Visual Studio Version 17
VisualStudioVersion = 17.5.33627.172
MinimumVisualStudioVersion = 10.0.40219.1
Project("{9A19103F-16F7-4668-BE54-9A1E7A4F7556}") = "VehicleRentalPro", "VehicleRentalPro\VehicleRentalPro.csproj", "{9C47AB14-1DD9-4CF6-96AF-8EA1A62BFA9D}"
EndProject
Project("{FAE04EC0-301F-11D3-BF4B-00C04F79EFBC}") = "VehicleRentalPro.Models", "VehicleRentalPro.Models\VehicleRentalPro.Models.csproj", "{E1EE7996-FFEF-41DD-BFC5-5CFC10E86185}"
EndProject
Project("{FAE04EC0-301F-11D3-BF4B-00C04F79EFBC}") = "VehicleRentalPro.Repository", "VehicleRentalPro.Repository\VehicleRentalPro.Repository.csproj", "{76CC233F-62B5-4353-8810-BA34BBFDB268}"
EndProject
Global
	GlobalSection(SolutionConfigurationPlatforms) = preSolution
		Debug|Any CPU = Debug|Any CPU
		Release|Any CPU = Release|Any CPU
	EndGlobalSection
	GlobalSection(ProjectConfigurationPlatforms) = postSolution
		{9C47AB14-1DD9-4CF6-96AF-8EA1A62BFA9D}.Debug|Any CPU.ActiveCfg = Debug|Any CPU
		{9C47AB14-1DD9-4CF6-96AF-8EA1A62BFA9D}.Debug|Any CPU.Build.0 = Debug|Any CPU
		{9C47AB14-1DD9-4CF6-96AF-8EA1A62BFA9D}.Release|Any CPU.ActiveCfg = Release|Any CPU
		{9C47AB14-1DD9-4CF6-96AF-8EA1A62BFA9D}.Release|Any CPU.Build.0 = Release|Any CPU
		{E1EE7996-FFEF-41DD-BFC5-5CFC10E86185}.Debug|Any CPU.ActiveCfg = Debug|Any CPU
		{E1EE7996-FFEF-41DD-BFC5-5CFC10E86185}.Debug|Any CPU.Build.0 = Debug|Any CPU
		{E1EE7996-FFEF-41DD-BFC5-5CFC10E86185}.Release|Any CPU.ActiveCfg = Release|Any CPU
		{E1EE7996-FFEF-41DD-BFC5-5CFC10E86185}.Release|Any CPU.Build.0 = Release|Any CPU
		{76CC233F-62B5-4353-8810-BA34BBFDB268}.Debug|Any CPU.ActiveCfg = Debug|Any CPU
		{76CC233F-62B5-4353-8810-BA34BBFDB268}.Debug|Any CPU.Build.0 = Debug|Any CPU
		{76CC233F-62B5-4353-8810-BA34BBFDB268}.Release|Any CPU.ActiveCfg = Release|Any CPU
		{76CC233F-62B5-4353-8810-BA34BBFDB268}.Release|Any CPU.Build.0 = Release|Any CPU
	EndGlobalSection
	GlobalSection(SolutionProperties) = preSolution
		HideSolutionNode = FALSE
	EndGlobalSection
	GlobalSection(ExtensibilityGlobals) = postSolution
		SolutionGuid = {7D47BBF3-B57B-42C7-8C02-6EF5A07C007E}
	EndGlobalSection
EndGlobal
